
Microsoft Visual Studio Solution File, Format Version 12.00
# Visual Studio 14
VisualStudioVersion = 14.0.25420.1
MinimumVisualStudioVersion = 10.0.40219.1
Project("{FAE04EC0-301F-11D3-BF4B-00C04F79EFBC}") = "TimeKeeper.WebApi", "TimeKeeper.WebApi\TimeKeeper.WebApi.csproj", "{C5B78A24-B0E9-4796-A615-C58573401097}"
EndProject
Project("{FAE04EC0-301F-11D3-BF4B-00C04F79EFBC}") = "TimeKeeper.WebApi.Tests", "TimeKeeper.WebApi.Tests\TimeKeeper.WebApi.Tests.csproj", "{4BEF912B-1FC3-4285-8934-9FEA8775361D}"
EndProject
Project("{FAE04EC0-301F-11D3-BF4B-00C04F79EFBC}") = "TimeKeeper.Domain", "TimeKeeper.Domain\TimeKeeper.Domain.csproj", "{607EE724-4CCA-41BF-9590-F8531FD43848}"
EndProject
Global
	GlobalSection(SolutionConfigurationPlatforms) = preSolution
		Debug|Any CPU = Debug|Any CPU
		Release|Any CPU = Release|Any CPU
	EndGlobalSection
	GlobalSection(ProjectConfigurationPlatforms) = postSolution
		{C5B78A24-B0E9-4796-A615-C58573401097}.Debug|Any CPU.ActiveCfg = Debug|Any CPU
		{C5B78A24-B0E9-4796-A615-C58573401097}.Debug|Any CPU.Build.0 = Debug|Any CPU
		{C5B78A24-B0E9-4796-A615-C58573401097}.Release|Any CPU.ActiveCfg = Release|Any CPU
		{C5B78A24-B0E9-4796-A615-C58573401097}.Release|Any CPU.Build.0 = Release|Any CPU
		{4BEF912B-1FC3-4285-8934-9FEA8775361D}.Debug|Any CPU.ActiveCfg = Debug|Any CPU
		{4BEF912B-1FC3-4285-8934-9FEA8775361D}.Debug|Any CPU.Build.0 = Debug|Any CPU
		{4BEF912B-1FC3-4285-8934-9FEA8775361D}.Release|Any CPU.ActiveCfg = Release|Any CPU
		{4BEF912B-1FC3-4285-8934-9FEA8775361D}.Release|Any CPU.Build.0 = Release|Any CPU
		{607EE724-4CCA-41BF-9590-F8531FD43848}.Debug|Any CPU.ActiveCfg = Debug|Any CPU
		{607EE724-4CCA-41BF-9590-F8531FD43848}.Debug|Any CPU.Build.0 = Debug|Any CPU
		{607EE724-4CCA-41BF-9590-F8531FD43848}.Release|Any CPU.ActiveCfg = Release|Any CPU
		{607EE724-4CCA-41BF-9590-F8531FD43848}.Release|Any CPU.Build.0 = Release|Any CPU
	EndGlobalSection
	GlobalSection(SolutionProperties) = preSolution
		HideSolutionNode = FALSE
	EndGlobalSection
EndGlobal
